
Microsoft Visual Studio Solution File, Format Version 12.00
# Visual Studio Version 17
VisualStudioVersion = 17.3.32929.385
MinimumVisualStudioVersion = 10.0.40219.1
Project("{FAE04EC0-301F-11D3-BF4B-00C04F79EFBC}") = "SeleniumNunitExtentReport", "SeleniumNunitExtentReport.csproj", "{FD250CC3-E28B-4CC1-AAD6-1B4524D9931E}"
EndProject
Global
	GlobalSection(SolutionConfigurationPlatforms) = preSolution
		Debug|Any CPU = Debug|Any CPU
		Release|Any CPU = Release|Any CPU
	EndGlobalSection
	GlobalSection(ProjectConfigurationPlatforms) = postSolution
		{FD250CC3-E28B-4CC1-AAD6-1B4524D9931E}.Debug|Any CPU.ActiveCfg = Debug|Any CPU
		{FD250CC3-E28B-4CC1-AAD6-1B4524D9931E}.Debug|Any CPU.Build.0 = Debug|Any CPU
		{FD250CC3-E28B-4CC1-AAD6-1B4524D9931E}.Release|Any CPU.ActiveCfg = Release|Any CPU
		{FD250CC3-E28B-4CC1-AAD6-1B4524D9931E}.Release|Any CPU.Build.0 = Release|Any CPU
	EndGlobalSection
	GlobalSection(SolutionProperties) = preSolution
		HideSolutionNode = FALSE
	EndGlobalSection
	GlobalSection(ExtensibilityGlobals) = postSolution
		SolutionGuid = {3FE3BD30-0CDB-4883-9690-92703F875EC6}
	EndGlobalSection
EndGlobal
